// !$*UTF8*$!
{
	archiveVersion = 1;
	classes = {
	};
	objectVersion = 50;
	objects = {

/* Begin PBXBuildFile section */
		CE4248D9259B8CF800F66CB0 /* AppDelegate.swift in Sources */ = {isa = PBXBuildFile; fileRef = CE4248D8259B8CF800F66CB0 /* AppDelegate.swift */; };
		CE4248DB259B8CF800F66CB0 /* SceneDelegate.swift in Sources */ = {isa = PBXBuildFile; fileRef = CE4248DA259B8CF800F66CB0 /* SceneDelegate.swift */; };
		CE4248DD259B8CF800F66CB0 /* ContentView.swift in Sources */ = {isa = PBXBuildFile; fileRef = CE4248DC259B8CF800F66CB0 /* ContentView.swift */; };
		CE4248E0259B8CF800F66CB0 /* CI_CD_Playground.xcdatamodeld in Sources */ = {isa = PBXBuildFile; fileRef = CE4248DE259B8CF800F66CB0 /* CI_CD_Playground.xcdatamodeld */; };
		CE4248E2259B8CF900F66CB0 /* Assets.xcassets in Resources */ = {isa = PBXBuildFile; fileRef = CE4248E1259B8CF900F66CB0 /* Assets.xcassets */; };
		CE4248E5259B8CF900F66CB0 /* Preview Assets.xcassets in Resources */ = {isa = PBXBuildFile; fileRef = CE4248E4259B8CF900F66CB0 /* Preview Assets.xcassets */; };
		CE4248E8259B8CF900F66CB0 /* LaunchScreen.storyboard in Resources */ = {isa = PBXBuildFile; fileRef = CE4248E6259B8CF900F66CB0 /* LaunchScreen.storyboard */; };
		CE4248F3259B8CF900F66CB0 /* CI_CD_PlaygroundTests.swift in Sources */ = {isa = PBXBuildFile; fileRef = CE4248F2259B8CF900F66CB0 /* CI_CD_PlaygroundTests.swift */; };
		CE4248FE259B8CF900F66CB0 /* CI_CD_PlaygroundUITests.swift in Sources */ = {isa = PBXBuildFile; fileRef = CE4248FD259B8CF900F66CB0 /* CI_CD_PlaygroundUITests.swift */; };
/* End PBXBuildFile section */

/* Begin PBXContainerItemProxy section */
		CE4248EF259B8CF900F66CB0 /* PBXContainerItemProxy */ = {
			isa = PBXContainerItemProxy;
			containerPortal = CE4248CD259B8CF800F66CB0 /* Project object */;
			proxyType = 1;
			remoteGlobalIDString = CE4248D4259B8CF800F66CB0;
			remoteInfo = "CI-CD Playground";
		};
		CE4248FA259B8CF900F66CB0 /* PBXContainerItemProxy */ = {
			isa = PBXContainerItemProxy;
			containerPortal = CE4248CD259B8CF800F66CB0 /* Project object */;
			proxyType = 1;
			remoteGlobalIDString = CE4248D4259B8CF800F66CB0;
			remoteInfo = "CI-CD Playground";
		};
/* End PBXContainerItemProxy section */

/* Begin PBXFileReference section */
		CE4248D5259B8CF800F66CB0 /* CI-CD Playground.app */ = {isa = PBXFileReference; explicitFileType = wrapper.application; includeInIndex = 0; path = "CI-CD Playground.app"; sourceTree = BUILT_PRODUCTS_DIR; };
		CE4248D8259B8CF800F66CB0 /* AppDelegate.swift */ = {isa = PBXFileReference; lastKnownFileType = sourcecode.swift; path = AppDelegate.swift; sourceTree = "<group>"; };
		CE4248DA259B8CF800F66CB0 /* SceneDelegate.swift */ = {isa = PBXFileReference; lastKnownFileType = sourcecode.swift; path = SceneDelegate.swift; sourceTree = "<group>"; };
		CE4248DC259B8CF800F66CB0 /* ContentView.swift */ = {isa = PBXFileReference; lastKnownFileType = sourcecode.swift; path = ContentView.swift; sourceTree = "<group>"; };
		CE4248DF259B8CF800F66CB0 /* CI_CD_Playground.xcdatamodel */ = {isa = PBXFileReference; lastKnownFileType = wrapper.xcdatamodel; path = CI_CD_Playground.xcdatamodel; sourceTree = "<group>"; };
		CE4248E1259B8CF900F66CB0 /* Assets.xcassets */ = {isa = PBXFileReference; lastKnownFileType = folder.assetcatalog; path = Assets.xcassets; sourceTree = "<group>"; };
		CE4248E4259B8CF900F66CB0 /* Preview Assets.xcassets */ = {isa = PBXFileReference; lastKnownFileType = folder.assetcatalog; path = "Preview Assets.xcassets"; sourceTree = "<group>"; };
		CE4248E7259B8CF900F66CB0 /* Base */ = {isa = PBXFileReference; lastKnownFileType = file.storyboard; name = Base; path = Base.lproj/LaunchScreen.storyboard; sourceTree = "<group>"; };
		CE4248E9259B8CF900F66CB0 /* Info.plist */ = {isa = PBXFileReference; lastKnownFileType = text.plist.xml; path = Info.plist; sourceTree = "<group>"; };
		CE4248EE259B8CF900F66CB0 /* CI-CD PlaygroundTests.xctest */ = {isa = PBXFileReference; explicitFileType = wrapper.cfbundle; includeInIndex = 0; path = "CI-CD PlaygroundTests.xctest"; sourceTree = BUILT_PRODUCTS_DIR; };
		CE4248F2259B8CF900F66CB0 /* CI_CD_PlaygroundTests.swift */ = {isa = PBXFileReference; lastKnownFileType = sourcecode.swift; path = CI_CD_PlaygroundTests.swift; sourceTree = "<group>"; };
		CE4248F4259B8CF900F66CB0 /* Info.plist */ = {isa = PBXFileReference; lastKnownFileType = text.plist.xml; path = Info.plist; sourceTree = "<group>"; };
		CE4248F9259B8CF900F66CB0 /* CI-CD PlaygroundUITests.xctest */ = {isa = PBXFileReference; explicitFileType = wrapper.cfbundle; includeInIndex = 0; path = "CI-CD PlaygroundUITests.xctest"; sourceTree = BUILT_PRODUCTS_DIR; };
		CE4248FD259B8CF900F66CB0 /* CI_CD_PlaygroundUITests.swift */ = {isa = PBXFileReference; lastKnownFileType = sourcecode.swift; path = CI_CD_PlaygroundUITests.swift; sourceTree = "<group>"; };
		CE4248FF259B8CF900F66CB0 /* Info.plist */ = {isa = PBXFileReference; lastKnownFileType = text.plist.xml; path = Info.plist; sourceTree = "<group>"; };
/* End PBXFileReference section */

/* Begin PBXFrameworksBuildPhase section */
		CE4248D2259B8CF800F66CB0 /* Frameworks */ = {
			isa = PBXFrameworksBuildPhase;
			buildActionMask = 2147483647;
			files = (
			);
			runOnlyForDeploymentPostprocessing = 0;
		};
		CE4248EB259B8CF900F66CB0 /* Frameworks */ = {
			isa = PBXFrameworksBuildPhase;
			buildActionMask = 2147483647;
			files = (
			);
			runOnlyForDeploymentPostprocessing = 0;
		};
		CE4248F6259B8CF900F66CB0 /* Frameworks */ = {
			isa = PBXFrameworksBuildPhase;
			buildActionMask = 2147483647;
			files = (
			);
			runOnlyForDeploymentPostprocessing = 0;
		};
/* End PBXFrameworksBuildPhase section */

/* Begin PBXGroup section */
		CE4248CC259B8CF800F66CB0 = {
			isa = PBXGroup;
			children = (
				CE4248D7259B8CF800F66CB0 /* CI-CD Playground */,
				CE4248F1259B8CF900F66CB0 /* CI-CD PlaygroundTests */,
				CE4248FC259B8CF900F66CB0 /* CI-CD PlaygroundUITests */,
				CE4248D6259B8CF800F66CB0 /* Products */,
			);
			sourceTree = "<group>";
		};
		CE4248D6259B8CF800F66CB0 /* Products */ = {
			isa = PBXGroup;
			children = (
				CE4248D5259B8CF800F66CB0 /* CI-CD Playground.app */,
				CE4248EE259B8CF900F66CB0 /* CI-CD PlaygroundTests.xctest */,
				CE4248F9259B8CF900F66CB0 /* CI-CD PlaygroundUITests.xctest */,
			);
			name = Products;
			sourceTree = "<group>";
		};
		CE4248D7259B8CF800F66CB0 /* CI-CD Playground */ = {
			isa = PBXGroup;
			children = (
				CE4248D8259B8CF800F66CB0 /* AppDelegate.swift */,
				CE4248DA259B8CF800F66CB0 /* SceneDelegate.swift */,
				CE4248DC259B8CF800F66CB0 /* ContentView.swift */,
				CE4248E1259B8CF900F66CB0 /* Assets.xcassets */,
				CE4248E6259B8CF900F66CB0 /* LaunchScreen.storyboard */,
				CE4248E9259B8CF900F66CB0 /* Info.plist */,
				CE4248DE259B8CF800F66CB0 /* CI_CD_Playground.xcdatamodeld */,
				CE4248E3259B8CF900F66CB0 /* Preview Content */,
			);
			path = "CI-CD Playground";
			sourceTree = "<group>";
		};
		CE4248E3259B8CF900F66CB0 /* Preview Content */ = {
			isa = PBXGroup;
			children = (
				CE4248E4259B8CF900F66CB0 /* Preview Assets.xcassets */,
			);
			path = "Preview Content";
			sourceTree = "<group>";
		};
		CE4248F1259B8CF900F66CB0 /* CI-CD PlaygroundTests */ = {
			isa = PBXGroup;
			children = (
				CE4248F2259B8CF900F66CB0 /* CI_CD_PlaygroundTests.swift */,
				CE4248F4259B8CF900F66CB0 /* Info.plist */,
			);
			path = "CI-CD PlaygroundTests";
			sourceTree = "<group>";
		};
		CE4248FC259B8CF900F66CB0 /* CI-CD PlaygroundUITests */ = {
			isa = PBXGroup;
			children = (
				CE4248FD259B8CF900F66CB0 /* CI_CD_PlaygroundUITests.swift */,
				CE4248FF259B8CF900F66CB0 /* Info.plist */,
			);
			path = "CI-CD PlaygroundUITests";
			sourceTree = "<group>";
		};
/* End PBXGroup section */

/* Begin PBXNativeTarget section */
		CE4248D4259B8CF800F66CB0 /* CI-CD Playground */ = {
			isa = PBXNativeTarget;
			buildConfigurationList = CE424902259B8CF900F66CB0 /* Build configuration list for PBXNativeTarget "CI-CD Playground" */;
			buildPhases = (
				CE4248D1259B8CF800F66CB0 /* Sources */,
				CE4248D2259B8CF800F66CB0 /* Frameworks */,
				CE4248D3259B8CF800F66CB0 /* Resources */,
			);
			buildRules = (
			);
			dependencies = (
			);
			name = "CI-CD Playground";
			productName = "CI-CD Playground";
			productReference = CE4248D5259B8CF800F66CB0 /* CI-CD Playground.app */;
			productType = "com.apple.product-type.application";
		};
		CE4248ED259B8CF900F66CB0 /* CI-CD PlaygroundTests */ = {
			isa = PBXNativeTarget;
			buildConfigurationList = CE424905259B8CF900F66CB0 /* Build configuration list for PBXNativeTarget "CI-CD PlaygroundTests" */;
			buildPhases = (
				CE4248EA259B8CF900F66CB0 /* Sources */,
				CE4248EB259B8CF900F66CB0 /* Frameworks */,
				CE4248EC259B8CF900F66CB0 /* Resources */,
			);
			buildRules = (
			);
			dependencies = (
				CE4248F0259B8CF900F66CB0 /* PBXTargetDependency */,
			);
			name = "CI-CD PlaygroundTests";
			productName = "CI-CD PlaygroundTests";
			productReference = CE4248EE259B8CF900F66CB0 /* CI-CD PlaygroundTests.xctest */;
			productType = "com.apple.product-type.bundle.unit-test";
		};
		CE4248F8259B8CF900F66CB0 /* CI-CD PlaygroundUITests */ = {
			isa = PBXNativeTarget;
			buildConfigurationList = CE424908259B8CF900F66CB0 /* Build configuration list for PBXNativeTarget "CI-CD PlaygroundUITests" */;
			buildPhases = (
				CE4248F5259B8CF900F66CB0 /* Sources */,
				CE4248F6259B8CF900F66CB0 /* Frameworks */,
				CE4248F7259B8CF900F66CB0 /* Resources */,
			);
			buildRules = (
			);
			dependencies = (
				CE4248FB259B8CF900F66CB0 /* PBXTargetDependency */,
			);
			name = "CI-CD PlaygroundUITests";
			productName = "CI-CD PlaygroundUITests";
			productReference = CE4248F9259B8CF900F66CB0 /* CI-CD PlaygroundUITests.xctest */;
			productType = "com.apple.product-type.bundle.ui-testing";
		};
/* End PBXNativeTarget section */

/* Begin PBXProject section */
		CE4248CD259B8CF800F66CB0 /* Project object */ = {
			isa = PBXProject;
			attributes = {
				LastSwiftUpdateCheck = 1220;
				LastUpgradeCheck = 1220;
				TargetAttributes = {
					CE4248D4259B8CF800F66CB0 = {
						CreatedOnToolsVersion = 12.2;
					};
					CE4248ED259B8CF900F66CB0 = {
						CreatedOnToolsVersion = 12.2;
						TestTargetID = CE4248D4259B8CF800F66CB0;
					};
					CE4248F8259B8CF900F66CB0 = {
						CreatedOnToolsVersion = 12.2;
						TestTargetID = CE4248D4259B8CF800F66CB0;
					};
				};
			};
			buildConfigurationList = CE4248D0259B8CF800F66CB0 /* Build configuration list for PBXProject "CI-CD Playground" */;
			compatibilityVersion = "Xcode 9.3";
			developmentRegion = en;
			hasScannedForEncodings = 0;
			knownRegions = (
				en,
				Base,
			);
			mainGroup = CE4248CC259B8CF800F66CB0;
			productRefGroup = CE4248D6259B8CF800F66CB0 /* Products */;
			projectDirPath = "";
			projectRoot = "";
			targets = (
				CE4248D4259B8CF800F66CB0 /* CI-CD Playground */,
				CE4248ED259B8CF900F66CB0 /* CI-CD PlaygroundTests */,
				CE4248F8259B8CF900F66CB0 /* CI-CD PlaygroundUITests */,
			);
		};
/* End PBXProject section */

/* Begin PBXResourcesBuildPhase section */
		CE4248D3259B8CF800F66CB0 /* Resources */ = {
			isa = PBXResourcesBuildPhase;
			buildActionMask = 2147483647;
			files = (
				CE4248E8259B8CF900F66CB0 /* LaunchScreen.storyboard in Resources */,
				CE4248E5259B8CF900F66CB0 /* Preview Assets.xcassets in Resources */,
				CE4248E2259B8CF900F66CB0 /* Assets.xcassets in Resources */,
			);
			runOnlyForDeploymentPostprocessing = 0;
		};
		CE4248EC259B8CF900F66CB0 /* Resources */ = {
			isa = PBXResourcesBuildPhase;
			buildActionMask = 2147483647;
			files = (
			);
			runOnlyForDeploymentPostprocessing = 0;
		};
		CE4248F7259B8CF900F66CB0 /* Resources */ = {
			isa = PBXResourcesBuildPhase;
			buildActionMask = 2147483647;
			files = (
			);
			runOnlyForDeploymentPostprocessing = 0;
		};
/* End PBXResourcesBuildPhase section */

/* Begin PBXSourcesBuildPhase section */
		CE4248D1259B8CF800F66CB0 /* Sources */ = {
			isa = PBXSourcesBuildPhase;
			buildActionMask = 2147483647;
			files = (
				CE4248D9259B8CF800F66CB0 /* AppDelegate.swift in Sources */,
				CE4248DB259B8CF800F66CB0 /* SceneDelegate.swift in Sources */,
				CE4248DD259B8CF800F66CB0 /* ContentView.swift in Sources */,
				CE4248E0259B8CF800F66CB0 /* CI_CD_Playground.xcdatamodeld in Sources */,
			);
			runOnlyForDeploymentPostprocessing = 0;
		};
		CE4248EA259B8CF900F66CB0 /* Sources */ = {
			isa = PBXSourcesBuildPhase;
			buildActionMask = 2147483647;
			files = (
				CE4248F3259B8CF900F66CB0 /* CI_CD_PlaygroundTests.swift in Sources */,
			);
			runOnlyForDeploymentPostprocessing = 0;
		};
		CE4248F5259B8CF900F66CB0 /* Sources */ = {
			isa = PBXSourcesBuildPhase;
			buildActionMask = 2147483647;
			files = (
				CE4248FE259B8CF900F66CB0 /* CI_CD_PlaygroundUITests.swift in Sources */,
			);
			runOnlyForDeploymentPostprocessing = 0;
		};
/* End PBXSourcesBuildPhase section */

/* Begin PBXTargetDependency section */
		CE4248F0259B8CF900F66CB0 /* PBXTargetDependency */ = {
			isa = PBXTargetDependency;
			target = CE4248D4259B8CF800F66CB0 /* CI-CD Playground */;
			targetProxy = CE4248EF259B8CF900F66CB0 /* PBXContainerItemProxy */;
		};
		CE4248FB259B8CF900F66CB0 /* PBXTargetDependency */ = {
			isa = PBXTargetDependency;
			target = CE4248D4259B8CF800F66CB0 /* CI-CD Playground */;
			targetProxy = CE4248FA259B8CF900F66CB0 /* PBXContainerItemProxy */;
		};
/* End PBXTargetDependency section */

/* Begin PBXVariantGroup section */
		CE4248E6259B8CF900F66CB0 /* LaunchScreen.storyboard */ = {
			isa = PBXVariantGroup;
			children = (
				CE4248E7259B8CF900F66CB0 /* Base */,
			);
			name = LaunchScreen.storyboard;
			sourceTree = "<group>";
		};
/* End PBXVariantGroup section */

/* Begin XCBuildConfiguration section */
		CE424900259B8CF900F66CB0 /* Debug */ = {
			isa = XCBuildConfiguration;
			buildSettings = {
				ALWAYS_SEARCH_USER_PATHS = NO;
				CLANG_ANALYZER_NONNULL = YES;
				CLANG_ANALYZER_NUMBER_OBJECT_CONVERSION = YES_AGGRESSIVE;
				CLANG_CXX_LANGUAGE_STANDARD = "gnu++14";
				CLANG_CXX_LIBRARY = "libc++";
				CLANG_ENABLE_MODULES = YES;
				CLANG_ENABLE_OBJC_ARC = YES;
				CLANG_ENABLE_OBJC_WEAK = YES;
				CLANG_WARN_BLOCK_CAPTURE_AUTORELEASING = YES;
				CLANG_WARN_BOOL_CONVERSION = YES;
				CLANG_WARN_COMMA = YES;
				CLANG_WARN_CONSTANT_CONVERSION = YES;
				CLANG_WARN_DEPRECATED_OBJC_IMPLEMENTATIONS = YES;
				CLANG_WARN_DIRECT_OBJC_ISA_USAGE = YES_ERROR;
				CLANG_WARN_DOCUMENTATION_COMMENTS = YES;
				CLANG_WARN_EMPTY_BODY = YES;
				CLANG_WARN_ENUM_CONVERSION = YES;
				CLANG_WARN_INFINITE_RECURSION = YES;
				CLANG_WARN_INT_CONVERSION = YES;
				CLANG_WARN_NON_LITERAL_NULL_CONVERSION = YES;
				CLANG_WARN_OBJC_IMPLICIT_RETAIN_SELF = YES;
				CLANG_WARN_OBJC_LITERAL_CONVERSION = YES;
				CLANG_WARN_OBJC_ROOT_CLASS = YES_ERROR;
				CLANG_WARN_QUOTED_INCLUDE_IN_FRAMEWORK_HEADER = YES;
				CLANG_WARN_RANGE_LOOP_ANALYSIS = YES;
				CLANG_WARN_STRICT_PROTOTYPES = YES;
				CLANG_WARN_SUSPICIOUS_MOVE = YES;
				CLANG_WARN_UNGUARDED_AVAILABILITY = YES_AGGRESSIVE;
				CLANG_WARN_UNREACHABLE_CODE = YES;
				CLANG_WARN__DUPLICATE_METHOD_MATCH = YES;
				COPY_PHASE_STRIP = NO;
				DEBUG_INFORMATION_FORMAT = dwarf;
				ENABLE_STRICT_OBJC_MSGSEND = YES;
				ENABLE_TESTABILITY = YES;
				GCC_C_LANGUAGE_STANDARD = gnu11;
				GCC_DYNAMIC_NO_PIC = NO;
				GCC_NO_COMMON_BLOCKS = YES;
				GCC_OPTIMIZATION_LEVEL = 0;
				GCC_PREPROCESSOR_DEFINITIONS = (
					"DEBUG=1",
					"$(inherited)",
				);
				GCC_WARN_64_TO_32_BIT_CONVERSION = YES;
				GCC_WARN_ABOUT_RETURN_TYPE = YES_ERROR;
				GCC_WARN_UNDECLARED_SELECTOR = YES;
				GCC_WARN_UNINITIALIZED_AUTOS = YES_AGGRESSIVE;
				GCC_WARN_UNUSED_FUNCTION = YES;
				GCC_WARN_UNUSED_VARIABLE = YES;
				IPHONEOS_DEPLOYMENT_TARGET = 14.2;
				MTL_ENABLE_DEBUG_INFO = INCLUDE_SOURCE;
				MTL_FAST_MATH = YES;
				ONLY_ACTIVE_ARCH = YES;
				SDKROOT = iphoneos;
				SWIFT_ACTIVE_COMPILATION_CONDITIONS = DEBUG;
				SWIFT_OPTIMIZATION_LEVEL = "-Onone";
			};
			name = Debug;
		};
		CE424901259B8CF900F66CB0 /* Release */ = {
			isa = XCBuildConfiguration;
			buildSettings = {
				ALWAYS_SEARCH_USER_PATHS = NO;
				CLANG_ANALYZER_NONNULL = YES;
				CLANG_ANALYZER_NUMBER_OBJECT_CONVERSION = YES_AGGRESSIVE;
				CLANG_CXX_LANGUAGE_STANDARD = "gnu++14";
				CLANG_CXX_LIBRARY = "libc++";
				CLANG_ENABLE_MODULES = YES;
				CLANG_ENABLE_OBJC_ARC = YES;
				CLANG_ENABLE_OBJC_WEAK = YES;
				CLANG_WARN_BLOCK_CAPTURE_AUTORELEASING = YES;
				CLANG_WARN_BOOL_CONVERSION = YES;
				CLANG_WARN_COMMA = YES;
				CLANG_WARN_CONSTANT_CONVERSION = YES;
				CLANG_WARN_DEPRECATED_OBJC_IMPLEMENTATIONS = YES;
				CLANG_WARN_DIRECT_OBJC_ISA_USAGE = YES_ERROR;
				CLANG_WARN_DOCUMENTATION_COMMENTS = YES;
				CLANG_WARN_EMPTY_BODY = YES;
				CLANG_WARN_ENUM_CONVERSION = YES;
				CLANG_WARN_INFINITE_RECURSION = YES;
				CLANG_WARN_INT_CONVERSION = YES;
				CLANG_WARN_NON_LITERAL_NULL_CONVERSION = YES;
				CLANG_WARN_OBJC_IMPLICIT_RETAIN_SELF = YES;
				CLANG_WARN_OBJC_LITERAL_CONVERSION = YES;
				CLANG_WARN_OBJC_ROOT_CLASS = YES_ERROR;
				CLANG_WARN_QUOTED_INCLUDE_IN_FRAMEWORK_HEADER = YES;
				CLANG_WARN_RANGE_LOOP_ANALYSIS = YES;
				CLANG_WARN_STRICT_PROTOTYPES = YES;
				CLANG_WARN_SUSPICIOUS_MOVE = YES;
				CLANG_WARN_UNGUARDED_AVAILABILITY = YES_AGGRESSIVE;
				CLANG_WARN_UNREACHABLE_CODE = YES;
				CLANG_WARN__DUPLICATE_METHOD_MATCH = YES;
				COPY_PHASE_STRIP = NO;
				DEBUG_INFORMATION_FORMAT = "dwarf-with-dsym";
				ENABLE_NS_ASSERTIONS = NO;
				ENABLE_STRICT_OBJC_MSGSEND = YES;
				GCC_C_LANGUAGE_STANDARD = gnu11;
				GCC_NO_COMMON_BLOCKS = YES;
				GCC_WARN_64_TO_32_BIT_CONVERSION = YES;
				GCC_WARN_ABOUT_RETURN_TYPE = YES_ERROR;
				GCC_WARN_UNDECLARED_SELECTOR = YES;
				GCC_WARN_UNINITIALIZED_AUTOS = YES_AGGRESSIVE;
				GCC_WARN_UNUSED_FUNCTION = YES;
				GCC_WARN_UNUSED_VARIABLE = YES;
				IPHONEOS_DEPLOYMENT_TARGET = 14.2;
				MTL_ENABLE_DEBUG_INFO = NO;
				MTL_FAST_MATH = YES;
				SDKROOT = iphoneos;
				SWIFT_COMPILATION_MODE = wholemodule;
				SWIFT_OPTIMIZATION_LEVEL = "-O";
				VALIDATE_PRODUCT = YES;
			};
			name = Release;
		};
		CE424903259B8CF900F66CB0 /* Debug */ = {
			isa = XCBuildConfiguration;
			buildSettings = {
				ASSETCATALOG_COMPILER_APPICON_NAME = AppIcon;
				ASSETCATALOG_COMPILER_GLOBAL_ACCENT_COLOR_NAME = AccentColor;
				CODE_SIGN_STYLE = Automatic;
				DEVELOPMENT_ASSET_PATHS = "\"CI-CD Playground/Preview Content\"";
				DEVELOPMENT_TEAM = 622Z84V8K5;
				ENABLE_PREVIEWS = YES;
				INFOPLIST_FILE = "CI-CD Playground/Info.plist";
				LD_RUNPATH_SEARCH_PATHS = (
					"$(inherited)",
					"@executable_path/Frameworks",
				);
				PRODUCT_BUNDLE_IDENTIFIER = "com.nu.swiftui.CI-CD-Playground";
				PRODUCT_NAME = "$(TARGET_NAME)";
				SWIFT_VERSION = 5.0;
				TARGETED_DEVICE_FAMILY = "1,2";
			};
			name = Debug;
		};
		CE424904259B8CF900F66CB0 /* Release */ = {
			isa = XCBuildConfiguration;
			buildSettings = {
				ASSETCATALOG_COMPILER_APPICON_NAME = AppIcon;
				ASSETCATALOG_COMPILER_GLOBAL_ACCENT_COLOR_NAME = AccentColor;
				CODE_SIGN_STYLE = Automatic;
				DEVELOPMENT_ASSET_PATHS = "\"CI-CD Playground/Preview Content\"";
				DEVELOPMENT_TEAM = 622Z84V8K5;
				ENABLE_PREVIEWS = YES;
				INFOPLIST_FILE = "CI-CD Playground/Info.plist";
				LD_RUNPATH_SEARCH_PATHS = (
					"$(inherited)",
					"@executable_path/Frameworks",
				);
				PRODUCT_BUNDLE_IDENTIFIER = "com.nu.swiftui.CI-CD-Playground";
				PRODUCT_NAME = "$(TARGET_NAME)";
				SWIFT_VERSION = 5.0;
				TARGETED_DEVICE_FAMILY = "1,2";
			};
			name = Release;
		};
		CE424906259B8CF900F66CB0 /* Debug */ = {
			isa = XCBuildConfiguration;
			buildSettings = {
				ALWAYS_EMBED_SWIFT_STANDARD_LIBRARIES = YES;
				BUNDLE_LOADER = "$(TEST_HOST)";
				CODE_SIGN_STYLE = Automatic;
				DEVELOPMENT_TEAM = 622Z84V8K5;
				INFOPLIST_FILE = "CI-CD PlaygroundTests/Info.plist";
				IPHONEOS_DEPLOYMENT_TARGET = 14.2;
				LD_RUNPATH_SEARCH_PATHS = (
					"$(inherited)",
					"@executable_path/Frameworks",
					"@loader_path/Frameworks",
				);
				PRODUCT_BUNDLE_IDENTIFIER = "com.nu.swiftui.CI-CD-PlaygroundTests";
				PRODUCT_NAME = "$(TARGET_NAME)";
				SWIFT_VERSION = 5.0;
				TARGETED_DEVICE_FAMILY = "1,2";
				TEST_HOST = "$(BUILT_PRODUCTS_DIR)/CI-CD Playground.app/CI-CD Playground";
			};
			name = Debug;
		};
		CE424907259B8CF900F66CB0 /* Release */ = {
			isa = XCBuildConfiguration;
			buildSettings = {
				ALWAYS_EMBED_SWIFT_STANDARD_LIBRARIES = YES;
				BUNDLE_LOADER = "$(TEST_HOST)";
				CODE_SIGN_STYLE = Automatic;
				DEVELOPMENT_TEAM = 622Z84V8K5;
				INFOPLIST_FILE = "CI-CD PlaygroundTests/Info.plist";
				IPHONEOS_DEPLOYMENT_TARGET = 14.2;
				LD_RUNPATH_SEARCH_PATHS = (
					"$(inherited)",
					"@executable_path/Frameworks",
					"@loader_path/Frameworks",
				);
				PRODUCT_BUNDLE_IDENTIFIER = "com.nu.swiftui.CI-CD-PlaygroundTests";
				PRODUCT_NAME = "$(TARGET_NAME)";
				SWIFT_VERSION = 5.0;
				TARGETED_DEVICE_FAMILY = "1,2";
				TEST_HOST = "$(BUILT_PRODUCTS_DIR)/CI-CD Playground.app/CI-CD Playground";
			};
			name = Release;
		};
		CE424909259B8CF900F66CB0 /* Debug */ = {
			isa = XCBuildConfiguration;
			buildSettings = {
				ALWAYS_EMBED_SWIFT_STANDARD_LIBRARIES = YES;
				CODE_SIGN_STYLE = Automatic;
				DEVELOPMENT_TEAM = 622Z84V8K5;
				INFOPLIST_FILE = "CI-CD PlaygroundUITests/Info.plist";
				LD_RUNPATH_SEARCH_PATHS = (
					"$(inherited)",
					"@executable_path/Frameworks",
					"@loader_path/Frameworks",
				);
				PRODUCT_BUNDLE_IDENTIFIER = "com.nu.swiftui.CI-CD-PlaygroundUITests";
				PRODUCT_NAME = "$(TARGET_NAME)";
				SWIFT_VERSION = 5.0;
				TARGETED_DEVICE_FAMILY = "1,2";
				TEST_TARGET_NAME = "CI-CD Playground";
			};
			name = Debug;
		};
		CE42490A259B8CF900F66CB0 /* Release */ = {
			isa = XCBuildConfiguration;
			buildSettings = {
				ALWAYS_EMBED_SWIFT_STANDARD_LIBRARIES = YES;
				CODE_SIGN_STYLE = Automatic;
				DEVELOPMENT_TEAM = 622Z84V8K5;
				INFOPLIST_FILE = "CI-CD PlaygroundUITests/Info.plist";
				LD_RUNPATH_SEARCH_PATHS = (
					"$(inherited)",
					"@executable_path/Frameworks",
					"@loader_path/Frameworks",
				);
				PRODUCT_BUNDLE_IDENTIFIER = "com.nu.swiftui.CI-CD-PlaygroundUITests";
				PRODUCT_NAME = "$(TARGET_NAME)";
				SWIFT_VERSION = 5.0;
				TARGETED_DEVICE_FAMILY = "1,2";
				TEST_TARGET_NAME = "CI-CD Playground";
			};
			name = Release;
		};
/* End XCBuildConfiguration section */

/* Begin XCConfigurationList section */
		CE4248D0259B8CF800F66CB0 /* Build configuration list for PBXProject "CI-CD Playground" */ = {
			isa = XCConfigurationList;
			buildConfigurations = (
				CE424900259B8CF900F66CB0 /* Debug */,
				CE424901259B8CF900F66CB0 /* Release */,
			);
			defaultConfigurationIsVisible = 0;
			defaultConfigurationName = Release;
		};
		CE424902259B8CF900F66CB0 /* Build configuration list for PBXNativeTarget "CI-CD Playground" */ = {
			isa = XCConfigurationList;
			buildConfigurations = (
				CE424903259B8CF900F66CB0 /* Debug */,
				CE424904259B8CF900F66CB0 /* Release */,
			);
			defaultConfigurationIsVisible = 0;
			defaultConfigurationName = Release;
		};
		CE424905259B8CF900F66CB0 /* Build configuration list for PBXNativeTarget "CI-CD PlaygroundTests" */ = {
			isa = XCConfigurationList;
			buildConfigurations = (
				CE424906259B8CF900F66CB0 /* Debug */,
				CE424907259B8CF900F66CB0 /* Release */,
			);
			defaultConfigurationIsVisible = 0;
			defaultConfigurationName = Release;
		};
		CE424908259B8CF900F66CB0 /* Build configuration list for PBXNativeTarget "CI-CD PlaygroundUITests" */ = {
			isa = XCConfigurationList;
			buildConfigurations = (
				CE424909259B8CF900F66CB0 /* Debug */,
				CE42490A259B8CF900F66CB0 /* Release */,
			);
			defaultConfigurationIsVisible = 0;
			defaultConfigurationName = Release;
		};
/* End XCConfigurationList section */

/* Begin XCVersionGroup section */
		CE4248DE259B8CF800F66CB0 /* CI_CD_Playground.xcdatamodeld */ = {
			isa = XCVersionGroup;
			children = (
				CE4248DF259B8CF800F66CB0 /* CI_CD_Playground.xcdatamodel */,
			);
			currentVersion = CE4248DF259B8CF800F66CB0 /* CI_CD_Playground.xcdatamodel */;
			path = CI_CD_Playground.xcdatamodeld;
			sourceTree = "<group>";
			versionGroupType = wrapper.xcdatamodel;
		};
/* End XCVersionGroup section */
	};
	rootObject = CE4248CD259B8CF800F66CB0 /* Project object */;
}
